
Microsoft Visual Studio Solution File, Format Version 12.00
# Visual Studio Version 17
VisualStudioVersion = 17.0.31912.275
MinimumVisualStudioVersion = 10.0.40219.1
Project("{FAE04EC0-301F-11D3-BF4B-00C04F79EFBC}") = "Inlämning3Game", "Inlämning3Game.csproj", "{357810F2-CF5B-479E-92FC-1FAC833671AD}"
EndProject
Global
	GlobalSection(SolutionConfigurationPlatforms) = preSolution
		Debug|Any CPU = Debug|Any CPU
		Release|Any CPU = Release|Any CPU
	EndGlobalSection
	GlobalSection(ProjectConfigurationPlatforms) = postSolution
		{357810F2-CF5B-479E-92FC-1FAC833671AD}.Debug|Any CPU.ActiveCfg = Debug|Any CPU
		{357810F2-CF5B-479E-92FC-1FAC833671AD}.Debug|Any CPU.Build.0 = Debug|Any CPU
		{357810F2-CF5B-479E-92FC-1FAC833671AD}.Release|Any CPU.ActiveCfg = Release|Any CPU
		{357810F2-CF5B-479E-92FC-1FAC833671AD}.Release|Any CPU.Build.0 = Release|Any CPU
	EndGlobalSection
	GlobalSection(SolutionProperties) = preSolution
		HideSolutionNode = FALSE
	EndGlobalSection
	GlobalSection(ExtensibilityGlobals) = postSolution
		SolutionGuid = {DAA69B75-2997-498A-A371-E30031C9911B}
	EndGlobalSection
EndGlobal
