
Microsoft Visual Studio Solution File, Format Version 12.00
# Visual Studio Version 16
VisualStudioVersion = 16.0.31702.278
MinimumVisualStudioVersion = 10.0.40219.1
Project("{FAE04EC0-301F-11D3-BF4B-00C04F79EFBC}") = "Rock,Paper,Scissors", "Rock,Paper,Scissors.csproj", "{3F01311F-47F5-4717-9B95-CD77082E7DAB}"
EndProject
Global
	GlobalSection(SolutionConfigurationPlatforms) = preSolution
		Debug|Any CPU = Debug|Any CPU
		Release|Any CPU = Release|Any CPU
	EndGlobalSection
	GlobalSection(ProjectConfigurationPlatforms) = postSolution
		{3F01311F-47F5-4717-9B95-CD77082E7DAB}.Debug|Any CPU.ActiveCfg = Debug|Any CPU
		{3F01311F-47F5-4717-9B95-CD77082E7DAB}.Debug|Any CPU.Build.0 = Debug|Any CPU
		{3F01311F-47F5-4717-9B95-CD77082E7DAB}.Release|Any CPU.ActiveCfg = Release|Any CPU
		{3F01311F-47F5-4717-9B95-CD77082E7DAB}.Release|Any CPU.Build.0 = Release|Any CPU
	EndGlobalSection
	GlobalSection(SolutionProperties) = preSolution
		HideSolutionNode = FALSE
	EndGlobalSection
	GlobalSection(ExtensibilityGlobals) = postSolution
		SolutionGuid = {67D84898-C634-4046-B373-C4FC9590BF09}
	EndGlobalSection
EndGlobal
